{
  "object": {
    "pins": [
      {
        "package": "GRDB",
        "repositoryURL": "https://github.com/groue/GRDB.swift.git",
        "state": {
          "branch": null,
          "revision": "183612a4e30166ce935fc4a91f5bcb8dc99541bb",
          "version": "4.8.0"
        }
      }
    ]
  },
  "version": 1
}
