PODS:
  - GRDB.swift (4.0.0):
    - GRDB.swift/standard (= 4.0.0)
  - GRDB.swift/standard (4.0.0)

DEPENDENCIES:
  - GRDB.swift

SPEC REPOS:
  https://github.com/cocoapods/specs.git:
    - GRDB.swift

SPEC CHECKSUMS:
  GRDB.swift: 30cf6c14fea491549b654d7649493320ed7e93ed

PODFILE CHECKSUM: 7bf0891e1857127784b9e4e92ca48655f591e818

COCOAPODS: 1.7.0
