PODS:
  - GRDB.swift (4.5.0):
    - GRDB.swift/standard (= 4.5.0)
  - GRDB.swift/standard (4.5.0)

DEPENDENCIES:
  - GRDB.swift

SPEC REPOS:
  trunk:
    - GRDB.swift

SPEC CHECKSUMS:
  GRDB.swift: f9c4cabfb4d1266685e80b1f6ea433eb61c7950c

PODFILE CHECKSUM: 7bf0891e1857127784b9e4e92ca48655f591e818

COCOAPODS: 1.8.4
